
Microsoft Visual Studio Solution File, Format Version 12.00
# Visual Studio Version 16
VisualStudioVersion = 16.0.29411.108
MinimumVisualStudioVersion = 10.0.40219.1
Project("{8BC9CEB8-8B4A-11D0-8D11-00A0C91BC942}") = "design_learn", "design_learn\design_learn.vcxproj", "{33A9FD83-527A-4331-A4E5-1ABB4D8A604F}"
EndProject
Global
	GlobalSection(SolutionConfigurationPlatforms) = preSolution
		Debug|x64 = Debug|x64
		Debug|x86 = Debug|x86
		Release|x64 = Release|x64
		Release|x86 = Release|x86
	EndGlobalSection
	GlobalSection(ProjectConfigurationPlatforms) = postSolution
		{33A9FD83-527A-4331-A4E5-1ABB4D8A604F}.Debug|x64.ActiveCfg = Debug|x64
		{33A9FD83-527A-4331-A4E5-1ABB4D8A604F}.Debug|x64.Build.0 = Debug|x64
		{33A9FD83-527A-4331-A4E5-1ABB4D8A604F}.Debug|x86.ActiveCfg = Debug|Win32
		{33A9FD83-527A-4331-A4E5-1ABB4D8A604F}.Debug|x86.Build.0 = Debug|Win32
		{33A9FD83-527A-4331-A4E5-1ABB4D8A604F}.Release|x64.ActiveCfg = Release|x64
		{33A9FD83-527A-4331-A4E5-1ABB4D8A604F}.Release|x64.Build.0 = Release|x64
		{33A9FD83-527A-4331-A4E5-1ABB4D8A604F}.Release|x86.ActiveCfg = Release|Win32
		{33A9FD83-527A-4331-A4E5-1ABB4D8A604F}.Release|x86.Build.0 = Release|Win32
	EndGlobalSection
	GlobalSection(SolutionProperties) = preSolution
		HideSolutionNode = FALSE
	EndGlobalSection
	GlobalSection(ExtensibilityGlobals) = postSolution
		SolutionGuid = {76EE3D42-78A9-441C-BF33-39DD585C9B6A}
	EndGlobalSection
EndGlobal
